
Microsoft Visual Studio Solution File, Format Version 12.00
# Visual Studio Version 16
VisualStudioVersion = 16.0.30413.136
MinimumVisualStudioVersion = 10.0.40219.1
Project("{FAE04EC0-301F-11D3-BF4B-00C04F79EFBC}") = "TWLogger", "TWLogger.csproj", "{7F5619AE-7060-404A-902E-1B9882B54B8B}"
EndProject
Project("{FAE04EC0-301F-11D3-BF4B-00C04F79EFBC}") = "TestHarness", "..\ConsoleLoggingApp\TestHarness.csproj", "{3A35546A-B626-47B6-8302-5D0B3E3CAB2E}"
EndProject
Project("{FAE04EC0-301F-11D3-BF4B-00C04F79EFBC}") = "TWLoggerTests", "..\TWLoggerTests\TWLoggerTests.csproj", "{7C7DA345-6FE4-401B-9228-6618FFE7D9C3}"
EndProject
Global
	GlobalSection(SolutionConfigurationPlatforms) = preSolution
		Debug|Any CPU = Debug|Any CPU
		Release|Any CPU = Release|Any CPU
	EndGlobalSection
	GlobalSection(ProjectConfigurationPlatforms) = postSolution
		{7F5619AE-7060-404A-902E-1B9882B54B8B}.Debug|Any CPU.ActiveCfg = Debug|Any CPU
		{7F5619AE-7060-404A-902E-1B9882B54B8B}.Debug|Any CPU.Build.0 = Debug|Any CPU
		{7F5619AE-7060-404A-902E-1B9882B54B8B}.Release|Any CPU.ActiveCfg = Release|Any CPU
		{7F5619AE-7060-404A-902E-1B9882B54B8B}.Release|Any CPU.Build.0 = Release|Any CPU
		{3A35546A-B626-47B6-8302-5D0B3E3CAB2E}.Debug|Any CPU.ActiveCfg = Debug|Any CPU
		{3A35546A-B626-47B6-8302-5D0B3E3CAB2E}.Debug|Any CPU.Build.0 = Debug|Any CPU
		{3A35546A-B626-47B6-8302-5D0B3E3CAB2E}.Release|Any CPU.ActiveCfg = Release|Any CPU
		{3A35546A-B626-47B6-8302-5D0B3E3CAB2E}.Release|Any CPU.Build.0 = Release|Any CPU
		{7C7DA345-6FE4-401B-9228-6618FFE7D9C3}.Debug|Any CPU.ActiveCfg = Debug|Any CPU
		{7C7DA345-6FE4-401B-9228-6618FFE7D9C3}.Debug|Any CPU.Build.0 = Debug|Any CPU
		{7C7DA345-6FE4-401B-9228-6618FFE7D9C3}.Release|Any CPU.ActiveCfg = Release|Any CPU
		{7C7DA345-6FE4-401B-9228-6618FFE7D9C3}.Release|Any CPU.Build.0 = Release|Any CPU
	EndGlobalSection
	GlobalSection(SolutionProperties) = preSolution
		HideSolutionNode = FALSE
	EndGlobalSection
	GlobalSection(ExtensibilityGlobals) = postSolution
		SolutionGuid = {AA945B84-3C94-4AD7-9215-0BC639D2E1BA}
	EndGlobalSection
EndGlobal
